
Microsoft Visual Studio Solution File, Format Version 12.00
# Visual Studio Version 16
VisualStudioVersion = 16.0.29728.190
MinimumVisualStudioVersion = 10.0.40219.1
Project("{FAE04EC0-301F-11D3-BF4B-00C04F79EFBC}") = "weather", "weather\weather.csproj", "{D399EF7A-9451-4A9F-86EF-9F7CD6DAD44B}"
EndProject
Project("{2150E333-8FDC-42A3-9474-1A3956D46DE8}") = "Solution Items", "Solution Items", "{991C87B8-3E85-4201-B63F-87FD142074B3}"
	ProjectSection(SolutionItems) = preProject
		weather\forecast.json = weather\forecast.json
		weatherForecast.cs = weatherForecast.cs
	EndProjectSection
EndProject
Global
	GlobalSection(SolutionConfigurationPlatforms) = preSolution
		Debug|Any CPU = Debug|Any CPU
		Release|Any CPU = Release|Any CPU
	EndGlobalSection
	GlobalSection(ProjectConfigurationPlatforms) = postSolution
		{D399EF7A-9451-4A9F-86EF-9F7CD6DAD44B}.Debug|Any CPU.ActiveCfg = Debug|Any CPU
		{D399EF7A-9451-4A9F-86EF-9F7CD6DAD44B}.Debug|Any CPU.Build.0 = Debug|Any CPU
		{D399EF7A-9451-4A9F-86EF-9F7CD6DAD44B}.Release|Any CPU.ActiveCfg = Release|Any CPU
		{D399EF7A-9451-4A9F-86EF-9F7CD6DAD44B}.Release|Any CPU.Build.0 = Release|Any CPU
	EndGlobalSection
	GlobalSection(SolutionProperties) = preSolution
		HideSolutionNode = FALSE
	EndGlobalSection
	GlobalSection(ExtensibilityGlobals) = postSolution
		SolutionGuid = {E61F8953-41AA-4655-9F56-B7AC0C2030B9}
	EndGlobalSection
EndGlobal
